// !$*UTF8*$!
{
	archiveVersion = 1;
	classes = {
	};
	objectVersion = 50;
	objects = {

/* Begin PBXBuildFile section */
		EE072E7D26AD88900010FF39 /* AppDelegate.swift in Sources */ = {isa = PBXBuildFile; fileRef = EE072E7C26AD88900010FF39 /* AppDelegate.swift */; };
		EE072E7F26AD88900010FF39 /* SceneDelegate.swift in Sources */ = {isa = PBXBuildFile; fileRef = EE072E7E26AD88900010FF39 /* SceneDelegate.swift */; };
		EE072E8126AD88900010FF39 /* ViewController.swift in Sources */ = {isa = PBXBuildFile; fileRef = EE072E8026AD88900010FF39 /* ViewController.swift */; };
		EE072E8626AD88920010FF39 /* Assets.xcassets in Resources */ = {isa = PBXBuildFile; fileRef = EE072E8526AD88920010FF39 /* Assets.xcassets */; };
		EE072E8926AD88920010FF39 /* LaunchScreen.storyboard in Resources */ = {isa = PBXBuildFile; fileRef = EE072E8726AD88920010FF39 /* LaunchScreen.storyboard */; };
		EE072E9426AD88920010FF39 /* Intercorp_TestTests.swift in Sources */ = {isa = PBXBuildFile; fileRef = EE072E9326AD88920010FF39 /* Intercorp_TestTests.swift */; };
		EE072E9F26AD88920010FF39 /* Intercorp_TestUITests.swift in Sources */ = {isa = PBXBuildFile; fileRef = EE072E9E26AD88920010FF39 /* Intercorp_TestUITests.swift */; };
/* End PBXBuildFile section */

/* Begin PBXContainerItemProxy section */
		EE072E9026AD88920010FF39 /* PBXContainerItemProxy */ = {
			isa = PBXContainerItemProxy;
			containerPortal = EE072E7126AD88900010FF39 /* Project object */;
			proxyType = 1;
			remoteGlobalIDString = EE072E7826AD88900010FF39;
			remoteInfo = "Intercorp Test";
		};
		EE072E9B26AD88920010FF39 /* PBXContainerItemProxy */ = {
			isa = PBXContainerItemProxy;
			containerPortal = EE072E7126AD88900010FF39 /* Project object */;
			proxyType = 1;
			remoteGlobalIDString = EE072E7826AD88900010FF39;
			remoteInfo = "Intercorp Test";
		};
/* End PBXContainerItemProxy section */

/* Begin PBXFileReference section */
		EE072E7926AD88900010FF39 /* Intercorp Test.app */ = {isa = PBXFileReference; explicitFileType = wrapper.application; includeInIndex = 0; path = "Intercorp Test.app"; sourceTree = BUILT_PRODUCTS_DIR; };
		EE072E7C26AD88900010FF39 /* AppDelegate.swift */ = {isa = PBXFileReference; lastKnownFileType = sourcecode.swift; path = AppDelegate.swift; sourceTree = "<group>"; };
		EE072E7E26AD88900010FF39 /* SceneDelegate.swift */ = {isa = PBXFileReference; lastKnownFileType = sourcecode.swift; path = SceneDelegate.swift; sourceTree = "<group>"; };
		EE072E8026AD88900010FF39 /* ViewController.swift */ = {isa = PBXFileReference; lastKnownFileType = sourcecode.swift; path = ViewController.swift; sourceTree = "<group>"; };
		EE072E8526AD88920010FF39 /* Assets.xcassets */ = {isa = PBXFileReference; lastKnownFileType = folder.assetcatalog; path = Assets.xcassets; sourceTree = "<group>"; };
		EE072E8826AD88920010FF39 /* Base */ = {isa = PBXFileReference; lastKnownFileType = file.storyboard; name = Base; path = Base.lproj/LaunchScreen.storyboard; sourceTree = "<group>"; };
		EE072E8A26AD88920010FF39 /* Info.plist */ = {isa = PBXFileReference; lastKnownFileType = text.plist.xml; path = Info.plist; sourceTree = "<group>"; };
		EE072E8F26AD88920010FF39 /* Intercorp TestTests.xctest */ = {isa = PBXFileReference; explicitFileType = wrapper.cfbundle; includeInIndex = 0; path = "Intercorp TestTests.xctest"; sourceTree = BUILT_PRODUCTS_DIR; };
		EE072E9326AD88920010FF39 /* Intercorp_TestTests.swift */ = {isa = PBXFileReference; lastKnownFileType = sourcecode.swift; path = Intercorp_TestTests.swift; sourceTree = "<group>"; };
		EE072E9526AD88920010FF39 /* Info.plist */ = {isa = PBXFileReference; lastKnownFileType = text.plist.xml; path = Info.plist; sourceTree = "<group>"; };
		EE072E9A26AD88920010FF39 /* Intercorp TestUITests.xctest */ = {isa = PBXFileReference; explicitFileType = wrapper.cfbundle; includeInIndex = 0; path = "Intercorp TestUITests.xctest"; sourceTree = BUILT_PRODUCTS_DIR; };
		EE072E9E26AD88920010FF39 /* Intercorp_TestUITests.swift */ = {isa = PBXFileReference; lastKnownFileType = sourcecode.swift; path = Intercorp_TestUITests.swift; sourceTree = "<group>"; };
		EE072EA026AD88920010FF39 /* Info.plist */ = {isa = PBXFileReference; lastKnownFileType = text.plist.xml; path = Info.plist; sourceTree = "<group>"; };
/* End PBXFileReference section */

/* Begin PBXFrameworksBuildPhase section */
		EE072E7626AD88900010FF39 /* Frameworks */ = {
			isa = PBXFrameworksBuildPhase;
			buildActionMask = 2147483647;
			files = (
			);
			runOnlyForDeploymentPostprocessing = 0;
		};
		EE072E8C26AD88920010FF39 /* Frameworks */ = {
			isa = PBXFrameworksBuildPhase;
			buildActionMask = 2147483647;
			files = (
			);
			runOnlyForDeploymentPostprocessing = 0;
		};
		EE072E9726AD88920010FF39 /* Frameworks */ = {
			isa = PBXFrameworksBuildPhase;
			buildActionMask = 2147483647;
			files = (
			);
			runOnlyForDeploymentPostprocessing = 0;
		};
/* End PBXFrameworksBuildPhase section */

/* Begin PBXGroup section */
		EE072E7026AD88900010FF39 = {
			isa = PBXGroup;
			children = (
				EE072E7B26AD88900010FF39 /* Intercorp Test */,
				EE072E9226AD88920010FF39 /* Intercorp TestTests */,
				EE072E9D26AD88920010FF39 /* Intercorp TestUITests */,
				EE072E7A26AD88900010FF39 /* Products */,
			);
			sourceTree = "<group>";
		};
		EE072E7A26AD88900010FF39 /* Products */ = {
			isa = PBXGroup;
			children = (
				EE072E7926AD88900010FF39 /* Intercorp Test.app */,
				EE072E8F26AD88920010FF39 /* Intercorp TestTests.xctest */,
				EE072E9A26AD88920010FF39 /* Intercorp TestUITests.xctest */,
			);
			name = Products;
			sourceTree = "<group>";
		};
		EE072E7B26AD88900010FF39 /* Intercorp Test */ = {
			isa = PBXGroup;
			children = (
				EE072E7C26AD88900010FF39 /* AppDelegate.swift */,
				EE072E7E26AD88900010FF39 /* SceneDelegate.swift */,
				EE072E8026AD88900010FF39 /* ViewController.swift */,
				EE072E8526AD88920010FF39 /* Assets.xcassets */,
				EE072E8726AD88920010FF39 /* LaunchScreen.storyboard */,
				EE072E8A26AD88920010FF39 /* Info.plist */,
			);
			path = "Intercorp Test";
			sourceTree = "<group>";
		};
		EE072E9226AD88920010FF39 /* Intercorp TestTests */ = {
			isa = PBXGroup;
			children = (
				EE072E9326AD88920010FF39 /* Intercorp_TestTests.swift */,
				EE072E9526AD88920010FF39 /* Info.plist */,
			);
			path = "Intercorp TestTests";
			sourceTree = "<group>";
		};
		EE072E9D26AD88920010FF39 /* Intercorp TestUITests */ = {
			isa = PBXGroup;
			children = (
				EE072E9E26AD88920010FF39 /* Intercorp_TestUITests.swift */,
				EE072EA026AD88920010FF39 /* Info.plist */,
			);
			path = "Intercorp TestUITests";
			sourceTree = "<group>";
		};
/* End PBXGroup section */

/* Begin PBXNativeTarget section */
		EE072E7826AD88900010FF39 /* Intercorp Test */ = {
			isa = PBXNativeTarget;
			buildConfigurationList = EE072EA326AD88920010FF39 /* Build configuration list for PBXNativeTarget "Intercorp Test" */;
			buildPhases = (
				EE072E7526AD88900010FF39 /* Sources */,
				EE072E7626AD88900010FF39 /* Frameworks */,
				EE072E7726AD88900010FF39 /* Resources */,
			);
			buildRules = (
			);
			dependencies = (
			);
			name = "Intercorp Test";
			productName = "Intercorp Test";
			productReference = EE072E7926AD88900010FF39 /* Intercorp Test.app */;
			productType = "com.apple.product-type.application";
		};
		EE072E8E26AD88920010FF39 /* Intercorp TestTests */ = {
			isa = PBXNativeTarget;
			buildConfigurationList = EE072EA626AD88920010FF39 /* Build configuration list for PBXNativeTarget "Intercorp TestTests" */;
			buildPhases = (
				EE072E8B26AD88920010FF39 /* Sources */,
				EE072E8C26AD88920010FF39 /* Frameworks */,
				EE072E8D26AD88920010FF39 /* Resources */,
			);
			buildRules = (
			);
			dependencies = (
				EE072E9126AD88920010FF39 /* PBXTargetDependency */,
			);
			name = "Intercorp TestTests";
			productName = "Intercorp TestTests";
			productReference = EE072E8F26AD88920010FF39 /* Intercorp TestTests.xctest */;
			productType = "com.apple.product-type.bundle.unit-test";
		};
		EE072E9926AD88920010FF39 /* Intercorp TestUITests */ = {
			isa = PBXNativeTarget;
			buildConfigurationList = EE072EA926AD88920010FF39 /* Build configuration list for PBXNativeTarget "Intercorp TestUITests" */;
			buildPhases = (
				EE072E9626AD88920010FF39 /* Sources */,
				EE072E9726AD88920010FF39 /* Frameworks */,
				EE072E9826AD88920010FF39 /* Resources */,
			);
			buildRules = (
			);
			dependencies = (
				EE072E9C26AD88920010FF39 /* PBXTargetDependency */,
			);
			name = "Intercorp TestUITests";
			productName = "Intercorp TestUITests";
			productReference = EE072E9A26AD88920010FF39 /* Intercorp TestUITests.xctest */;
			productType = "com.apple.product-type.bundle.ui-testing";
		};
/* End PBXNativeTarget section */

/* Begin PBXProject section */
		EE072E7126AD88900010FF39 /* Project object */ = {
			isa = PBXProject;
			attributes = {
				LastSwiftUpdateCheck = 1250;
				LastUpgradeCheck = 1250;
				TargetAttributes = {
					EE072E7826AD88900010FF39 = {
						CreatedOnToolsVersion = 12.5.1;
					};
					EE072E8E26AD88920010FF39 = {
						CreatedOnToolsVersion = 12.5.1;
						TestTargetID = EE072E7826AD88900010FF39;
					};
					EE072E9926AD88920010FF39 = {
						CreatedOnToolsVersion = 12.5.1;
						TestTargetID = EE072E7826AD88900010FF39;
					};
				};
			};
			buildConfigurationList = EE072E7426AD88900010FF39 /* Build configuration list for PBXProject "Intercorp Test" */;
			compatibilityVersion = "Xcode 9.3";
			developmentRegion = en;
			hasScannedForEncodings = 0;
			knownRegions = (
				en,
				Base,
			);
			mainGroup = EE072E7026AD88900010FF39;
			productRefGroup = EE072E7A26AD88900010FF39 /* Products */;
			projectDirPath = "";
			projectRoot = "";
			targets = (
				EE072E7826AD88900010FF39 /* Intercorp Test */,
				EE072E8E26AD88920010FF39 /* Intercorp TestTests */,
				EE072E9926AD88920010FF39 /* Intercorp TestUITests */,
			);
		};
/* End PBXProject section */

/* Begin PBXResourcesBuildPhase section */
		EE072E7726AD88900010FF39 /* Resources */ = {
			isa = PBXResourcesBuildPhase;
			buildActionMask = 2147483647;
			files = (
				EE072E8926AD88920010FF39 /* LaunchScreen.storyboard in Resources */,
				EE072E8626AD88920010FF39 /* Assets.xcassets in Resources */,
			);
			runOnlyForDeploymentPostprocessing = 0;
		};
		EE072E8D26AD88920010FF39 /* Resources */ = {
			isa = PBXResourcesBuildPhase;
			buildActionMask = 2147483647;
			files = (
			);
			runOnlyForDeploymentPostprocessing = 0;
		};
		EE072E9826AD88920010FF39 /* Resources */ = {
			isa = PBXResourcesBuildPhase;
			buildActionMask = 2147483647;
			files = (
			);
			runOnlyForDeploymentPostprocessing = 0;
		};
/* End PBXResourcesBuildPhase section */

/* Begin PBXSourcesBuildPhase section */
		EE072E7526AD88900010FF39 /* Sources */ = {
			isa = PBXSourcesBuildPhase;
			buildActionMask = 2147483647;
			files = (
				EE072E8126AD88900010FF39 /* ViewController.swift in Sources */,
				EE072E7D26AD88900010FF39 /* AppDelegate.swift in Sources */,
				EE072E7F26AD88900010FF39 /* SceneDelegate.swift in Sources */,
			);
			runOnlyForDeploymentPostprocessing = 0;
		};
		EE072E8B26AD88920010FF39 /* Sources */ = {
			isa = PBXSourcesBuildPhase;
			buildActionMask = 2147483647;
			files = (
				EE072E9426AD88920010FF39 /* Intercorp_TestTests.swift in Sources */,
			);
			runOnlyForDeploymentPostprocessing = 0;
		};
		EE072E9626AD88920010FF39 /* Sources */ = {
			isa = PBXSourcesBuildPhase;
			buildActionMask = 2147483647;
			files = (
				EE072E9F26AD88920010FF39 /* Intercorp_TestUITests.swift in Sources */,
			);
			runOnlyForDeploymentPostprocessing = 0;
		};
/* End PBXSourcesBuildPhase section */

/* Begin PBXTargetDependency section */
		EE072E9126AD88920010FF39 /* PBXTargetDependency */ = {
			isa = PBXTargetDependency;
			target = EE072E7826AD88900010FF39 /* Intercorp Test */;
			targetProxy = EE072E9026AD88920010FF39 /* PBXContainerItemProxy */;
		};
		EE072E9C26AD88920010FF39 /* PBXTargetDependency */ = {
			isa = PBXTargetDependency;
			target = EE072E7826AD88900010FF39 /* Intercorp Test */;
			targetProxy = EE072E9B26AD88920010FF39 /* PBXContainerItemProxy */;
		};
/* End PBXTargetDependency section */

/* Begin PBXVariantGroup section */
		EE072E8726AD88920010FF39 /* LaunchScreen.storyboard */ = {
			isa = PBXVariantGroup;
			children = (
				EE072E8826AD88920010FF39 /* Base */,
			);
			name = LaunchScreen.storyboard;
			sourceTree = "<group>";
		};
/* End PBXVariantGroup section */

/* Begin XCBuildConfiguration section */
		EE072EA126AD88920010FF39 /* Debug */ = {
			isa = XCBuildConfiguration;
			buildSettings = {
				ALWAYS_SEARCH_USER_PATHS = NO;
				CLANG_ANALYZER_NONNULL = YES;
				CLANG_ANALYZER_NUMBER_OBJECT_CONVERSION = YES_AGGRESSIVE;
				CLANG_CXX_LANGUAGE_STANDARD = "gnu++14";
				CLANG_CXX_LIBRARY = "libc++";
				CLANG_ENABLE_MODULES = YES;
				CLANG_ENABLE_OBJC_ARC = YES;
				CLANG_ENABLE_OBJC_WEAK = YES;
				CLANG_WARN_BLOCK_CAPTURE_AUTORELEASING = YES;
				CLANG_WARN_BOOL_CONVERSION = YES;
				CLANG_WARN_COMMA = YES;
				CLANG_WARN_CONSTANT_CONVERSION = YES;
				CLANG_WARN_DEPRECATED_OBJC_IMPLEMENTATIONS = YES;
				CLANG_WARN_DIRECT_OBJC_ISA_USAGE = YES_ERROR;
				CLANG_WARN_DOCUMENTATION_COMMENTS = YES;
				CLANG_WARN_EMPTY_BODY = YES;
				CLANG_WARN_ENUM_CONVERSION = YES;
				CLANG_WARN_INFINITE_RECURSION = YES;
				CLANG_WARN_INT_CONVERSION = YES;
				CLANG_WARN_NON_LITERAL_NULL_CONVERSION = YES;
				CLANG_WARN_OBJC_IMPLICIT_RETAIN_SELF = YES;
				CLANG_WARN_OBJC_LITERAL_CONVERSION = YES;
				CLANG_WARN_OBJC_ROOT_CLASS = YES_ERROR;
				CLANG_WARN_QUOTED_INCLUDE_IN_FRAMEWORK_HEADER = YES;
				CLANG_WARN_RANGE_LOOP_ANALYSIS = YES;
				CLANG_WARN_STRICT_PROTOTYPES = YES;
				CLANG_WARN_SUSPICIOUS_MOVE = YES;
				CLANG_WARN_UNGUARDED_AVAILABILITY = YES_AGGRESSIVE;
				CLANG_WARN_UNREACHABLE_CODE = YES;
				CLANG_WARN__DUPLICATE_METHOD_MATCH = YES;
				COPY_PHASE_STRIP = NO;
				DEBUG_INFORMATION_FORMAT = dwarf;
				ENABLE_STRICT_OBJC_MSGSEND = YES;
				ENABLE_TESTABILITY = YES;
				GCC_C_LANGUAGE_STANDARD = gnu11;
				GCC_DYNAMIC_NO_PIC = NO;
				GCC_NO_COMMON_BLOCKS = YES;
				GCC_OPTIMIZATION_LEVEL = 0;
				GCC_PREPROCESSOR_DEFINITIONS = (
					"DEBUG=1",
					"$(inherited)",
				);
				GCC_WARN_64_TO_32_BIT_CONVERSION = YES;
				GCC_WARN_ABOUT_RETURN_TYPE = YES_ERROR;
				GCC_WARN_UNDECLARED_SELECTOR = YES;
				GCC_WARN_UNINITIALIZED_AUTOS = YES_AGGRESSIVE;
				GCC_WARN_UNUSED_FUNCTION = YES;
				GCC_WARN_UNUSED_VARIABLE = YES;
				IPHONEOS_DEPLOYMENT_TARGET = 14.5;
				MTL_ENABLE_DEBUG_INFO = INCLUDE_SOURCE;
				MTL_FAST_MATH = YES;
				ONLY_ACTIVE_ARCH = YES;
				SDKROOT = iphoneos;
				SWIFT_ACTIVE_COMPILATION_CONDITIONS = DEBUG;
				SWIFT_OPTIMIZATION_LEVEL = "-Onone";
			};
			name = Debug;
		};
		EE072EA226AD88920010FF39 /* Release */ = {
			isa = XCBuildConfiguration;
			buildSettings = {
				ALWAYS_SEARCH_USER_PATHS = NO;
				CLANG_ANALYZER_NONNULL = YES;
				CLANG_ANALYZER_NUMBER_OBJECT_CONVERSION = YES_AGGRESSIVE;
				CLANG_CXX_LANGUAGE_STANDARD = "gnu++14";
				CLANG_CXX_LIBRARY = "libc++";
				CLANG_ENABLE_MODULES = YES;
				CLANG_ENABLE_OBJC_ARC = YES;
				CLANG_ENABLE_OBJC_WEAK = YES;
				CLANG_WARN_BLOCK_CAPTURE_AUTORELEASING = YES;
				CLANG_WARN_BOOL_CONVERSION = YES;
				CLANG_WARN_COMMA = YES;
				CLANG_WARN_CONSTANT_CONVERSION = YES;
				CLANG_WARN_DEPRECATED_OBJC_IMPLEMENTATIONS = YES;
				CLANG_WARN_DIRECT_OBJC_ISA_USAGE = YES_ERROR;
				CLANG_WARN_DOCUMENTATION_COMMENTS = YES;
				CLANG_WARN_EMPTY_BODY = YES;
				CLANG_WARN_ENUM_CONVERSION = YES;
				CLANG_WARN_INFINITE_RECURSION = YES;
				CLANG_WARN_INT_CONVERSION = YES;
				CLANG_WARN_NON_LITERAL_NULL_CONVERSION = YES;
				CLANG_WARN_OBJC_IMPLICIT_RETAIN_SELF = YES;
				CLANG_WARN_OBJC_LITERAL_CONVERSION = YES;
				CLANG_WARN_OBJC_ROOT_CLASS = YES_ERROR;
				CLANG_WARN_QUOTED_INCLUDE_IN_FRAMEWORK_HEADER = YES;
				CLANG_WARN_RANGE_LOOP_ANALYSIS = YES;
				CLANG_WARN_STRICT_PROTOTYPES = YES;
				CLANG_WARN_SUSPICIOUS_MOVE = YES;
				CLANG_WARN_UNGUARDED_AVAILABILITY = YES_AGGRESSIVE;
				CLANG_WARN_UNREACHABLE_CODE = YES;
				CLANG_WARN__DUPLICATE_METHOD_MATCH = YES;
				COPY_PHASE_STRIP = NO;
				DEBUG_INFORMATION_FORMAT = "dwarf-with-dsym";
				ENABLE_NS_ASSERTIONS = NO;
				ENABLE_STRICT_OBJC_MSGSEND = YES;
				GCC_C_LANGUAGE_STANDARD = gnu11;
				GCC_NO_COMMON_BLOCKS = YES;
				GCC_WARN_64_TO_32_BIT_CONVERSION = YES;
				GCC_WARN_ABOUT_RETURN_TYPE = YES_ERROR;
				GCC_WARN_UNDECLARED_SELECTOR = YES;
				GCC_WARN_UNINITIALIZED_AUTOS = YES_AGGRESSIVE;
				GCC_WARN_UNUSED_FUNCTION = YES;
				GCC_WARN_UNUSED_VARIABLE = YES;
				IPHONEOS_DEPLOYMENT_TARGET = 14.5;
				MTL_ENABLE_DEBUG_INFO = NO;
				MTL_FAST_MATH = YES;
				SDKROOT = iphoneos;
				SWIFT_COMPILATION_MODE = wholemodule;
				SWIFT_OPTIMIZATION_LEVEL = "-O";
				VALIDATE_PRODUCT = YES;
			};
			name = Release;
		};
		EE072EA426AD88920010FF39 /* Debug */ = {
			isa = XCBuildConfiguration;
			buildSettings = {
				ASSETCATALOG_COMPILER_APPICON_NAME = AppIcon;
				ASSETCATALOG_COMPILER_GLOBAL_ACCENT_COLOR_NAME = AccentColor;
				CODE_SIGN_STYLE = Automatic;
				DEVELOPMENT_TEAM = Q4JNA7F964;
				INFOPLIST_FILE = "Intercorp Test/Info.plist";
				LD_RUNPATH_SEARCH_PATHS = (
					"$(inherited)",
					"@executable_path/Frameworks",
				);
				PRODUCT_BUNDLE_IDENTIFIER = "marcosiracusano.Intercorp-Test";
				PRODUCT_NAME = "$(TARGET_NAME)";
				SWIFT_VERSION = 5.0;
				TARGETED_DEVICE_FAMILY = 1;
			};
			name = Debug;
		};
		EE072EA526AD88920010FF39 /* Release */ = {
			isa = XCBuildConfiguration;
			buildSettings = {
				ASSETCATALOG_COMPILER_APPICON_NAME = AppIcon;
				ASSETCATALOG_COMPILER_GLOBAL_ACCENT_COLOR_NAME = AccentColor;
				CODE_SIGN_STYLE = Automatic;
				DEVELOPMENT_TEAM = Q4JNA7F964;
				INFOPLIST_FILE = "Intercorp Test/Info.plist";
				LD_RUNPATH_SEARCH_PATHS = (
					"$(inherited)",
					"@executable_path/Frameworks",
				);
				PRODUCT_BUNDLE_IDENTIFIER = "marcosiracusano.Intercorp-Test";
				PRODUCT_NAME = "$(TARGET_NAME)";
				SWIFT_VERSION = 5.0;
				TARGETED_DEVICE_FAMILY = 1;
			};
			name = Release;
		};
		EE072EA726AD88920010FF39 /* Debug */ = {
			isa = XCBuildConfiguration;
			buildSettings = {
				ALWAYS_EMBED_SWIFT_STANDARD_LIBRARIES = YES;
				BUNDLE_LOADER = "$(TEST_HOST)";
				CODE_SIGN_STYLE = Automatic;
				DEVELOPMENT_TEAM = Q4JNA7F964;
				INFOPLIST_FILE = "Intercorp TestTests/Info.plist";
				IPHONEOS_DEPLOYMENT_TARGET = 14.5;
				LD_RUNPATH_SEARCH_PATHS = (
					"$(inherited)",
					"@executable_path/Frameworks",
					"@loader_path/Frameworks",
				);
				PRODUCT_BUNDLE_IDENTIFIER = "marcosiracusano.Intercorp-TestTests";
				PRODUCT_NAME = "$(TARGET_NAME)";
				SWIFT_VERSION = 5.0;
				TARGETED_DEVICE_FAMILY = "1,2";
				TEST_HOST = "$(BUILT_PRODUCTS_DIR)/Intercorp Test.app/Intercorp Test";
			};
			name = Debug;
		};
		EE072EA826AD88920010FF39 /* Release */ = {
			isa = XCBuildConfiguration;
			buildSettings = {
				ALWAYS_EMBED_SWIFT_STANDARD_LIBRARIES = YES;
				BUNDLE_LOADER = "$(TEST_HOST)";
				CODE_SIGN_STYLE = Automatic;
				DEVELOPMENT_TEAM = Q4JNA7F964;
				INFOPLIST_FILE = "Intercorp TestTests/Info.plist";
				IPHONEOS_DEPLOYMENT_TARGET = 14.5;
				LD_RUNPATH_SEARCH_PATHS = (
					"$(inherited)",
					"@executable_path/Frameworks",
					"@loader_path/Frameworks",
				);
				PRODUCT_BUNDLE_IDENTIFIER = "marcosiracusano.Intercorp-TestTests";
				PRODUCT_NAME = "$(TARGET_NAME)";
				SWIFT_VERSION = 5.0;
				TARGETED_DEVICE_FAMILY = "1,2";
				TEST_HOST = "$(BUILT_PRODUCTS_DIR)/Intercorp Test.app/Intercorp Test";
			};
			name = Release;
		};
		EE072EAA26AD88920010FF39 /* Debug */ = {
			isa = XCBuildConfiguration;
			buildSettings = {
				ALWAYS_EMBED_SWIFT_STANDARD_LIBRARIES = YES;
				CODE_SIGN_STYLE = Automatic;
				DEVELOPMENT_TEAM = Q4JNA7F964;
				INFOPLIST_FILE = "Intercorp TestUITests/Info.plist";
				LD_RUNPATH_SEARCH_PATHS = (
					"$(inherited)",
					"@executable_path/Frameworks",
					"@loader_path/Frameworks",
				);
				PRODUCT_BUNDLE_IDENTIFIER = "marcosiracusano.Intercorp-TestUITests";
				PRODUCT_NAME = "$(TARGET_NAME)";
				SWIFT_VERSION = 5.0;
				TARGETED_DEVICE_FAMILY = "1,2";
				TEST_TARGET_NAME = "Intercorp Test";
			};
			name = Debug;
		};
		EE072EAB26AD88920010FF39 /* Release */ = {
			isa = XCBuildConfiguration;
			buildSettings = {
				ALWAYS_EMBED_SWIFT_STANDARD_LIBRARIES = YES;
				CODE_SIGN_STYLE = Automatic;
				DEVELOPMENT_TEAM = Q4JNA7F964;
				INFOPLIST_FILE = "Intercorp TestUITests/Info.plist";
				LD_RUNPATH_SEARCH_PATHS = (
					"$(inherited)",
					"@executable_path/Frameworks",
					"@loader_path/Frameworks",
				);
				PRODUCT_BUNDLE_IDENTIFIER = "marcosiracusano.Intercorp-TestUITests";
				PRODUCT_NAME = "$(TARGET_NAME)";
				SWIFT_VERSION = 5.0;
				TARGETED_DEVICE_FAMILY = "1,2";
				TEST_TARGET_NAME = "Intercorp Test";
			};
			name = Release;
		};
/* End XCBuildConfiguration section */

/* Begin XCConfigurationList section */
		EE072E7426AD88900010FF39 /* Build configuration list for PBXProject "Intercorp Test" */ = {
			isa = XCConfigurationList;
			buildConfigurations = (
				EE072EA126AD88920010FF39 /* Debug */,
				EE072EA226AD88920010FF39 /* Release */,
			);
			defaultConfigurationIsVisible = 0;
			defaultConfigurationName = Release;
		};
		EE072EA326AD88920010FF39 /* Build configuration list for PBXNativeTarget "Intercorp Test" */ = {
			isa = XCConfigurationList;
			buildConfigurations = (
				EE072EA426AD88920010FF39 /* Debug */,
				EE072EA526AD88920010FF39 /* Release */,
			);
			defaultConfigurationIsVisible = 0;
			defaultConfigurationName = Release;
		};
		EE072EA626AD88920010FF39 /* Build configuration list for PBXNativeTarget "Intercorp TestTests" */ = {
			isa = XCConfigurationList;
			buildConfigurations = (
				EE072EA726AD88920010FF39 /* Debug */,
				EE072EA826AD88920010FF39 /* Release */,
			);
			defaultConfigurationIsVisible = 0;
			defaultConfigurationName = Release;
		};
		EE072EA926AD88920010FF39 /* Build configuration list for PBXNativeTarget "Intercorp TestUITests" */ = {
			isa = XCConfigurationList;
			buildConfigurations = (
				EE072EAA26AD88920010FF39 /* Debug */,
				EE072EAB26AD88920010FF39 /* Release */,
			);
			defaultConfigurationIsVisible = 0;
			defaultConfigurationName = Release;
		};
/* End XCConfigurationList section */
	};
	rootObject = EE072E7126AD88900010FF39 /* Project object */;
}
